
Microsoft Visual Studio Solution File, Format Version 12.00
# Visual Studio Version 17
VisualStudioVersion = 17.13.35825.156
MinimumVisualStudioVersion = 10.0.40219.1
Project("{9A19103F-16F7-4668-BE54-9A1E7A4F7556}") = "01_Processes", "01_Processes\01_Processes.csproj", "{58AAF726-8C04-4934-8875-1A0EF7244B7B}"
EndProject
Project("{9A19103F-16F7-4668-BE54-9A1E7A4F7556}") = "02_TaskManager", "02_TaskManager\02_TaskManager.csproj", "{02ADD2F3-78FF-438F-9D03-BE3E630E17BB}"
EndProject
Project("{9A19103F-16F7-4668-BE54-9A1E7A4F7556}") = "00_GetArguments", "00_GetArguments\00_GetArguments.csproj", "{9E92A529-85BC-417D-A322-AF0F322B69EF}"
EndProject
Project("{9A19103F-16F7-4668-BE54-9A1E7A4F7556}") = "04_Generate_async_await", "04_Generate_async_await\04_Generate_async_await.csproj", "{7BF22FFF-4181-45C7-8A15-108AC88DCB31}"
EndProject
Project("{FAE04EC0-301F-11D3-BF4B-00C04F79EFBC}") = "05_FileCopy_app", "05_FileCopy_app\05_FileCopy_app.csproj", "{F29085B9-5031-43E9-B46A-3C003E77F483}"
EndProject
Global
	GlobalSection(SolutionConfigurationPlatforms) = preSolution
		Debug|Any CPU = Debug|Any CPU
		Release|Any CPU = Release|Any CPU
	EndGlobalSection
	GlobalSection(ProjectConfigurationPlatforms) = postSolution
		{58AAF726-8C04-4934-8875-1A0EF7244B7B}.Debug|Any CPU.ActiveCfg = Debug|Any CPU
		{58AAF726-8C04-4934-8875-1A0EF7244B7B}.Debug|Any CPU.Build.0 = Debug|Any CPU
		{58AAF726-8C04-4934-8875-1A0EF7244B7B}.Release|Any CPU.ActiveCfg = Release|Any CPU
		{58AAF726-8C04-4934-8875-1A0EF7244B7B}.Release|Any CPU.Build.0 = Release|Any CPU
		{02ADD2F3-78FF-438F-9D03-BE3E630E17BB}.Debug|Any CPU.ActiveCfg = Debug|Any CPU
		{02ADD2F3-78FF-438F-9D03-BE3E630E17BB}.Debug|Any CPU.Build.0 = Debug|Any CPU
		{02ADD2F3-78FF-438F-9D03-BE3E630E17BB}.Release|Any CPU.ActiveCfg = Release|Any CPU
		{02ADD2F3-78FF-438F-9D03-BE3E630E17BB}.Release|Any CPU.Build.0 = Release|Any CPU
		{9E92A529-85BC-417D-A322-AF0F322B69EF}.Debug|Any CPU.ActiveCfg = Debug|Any CPU
		{9E92A529-85BC-417D-A322-AF0F322B69EF}.Debug|Any CPU.Build.0 = Debug|Any CPU
		{9E92A529-85BC-417D-A322-AF0F322B69EF}.Release|Any CPU.ActiveCfg = Release|Any CPU
		{9E92A529-85BC-417D-A322-AF0F322B69EF}.Release|Any CPU.Build.0 = Release|Any CPU
		{7BF22FFF-4181-45C7-8A15-108AC88DCB31}.Debug|Any CPU.ActiveCfg = Debug|Any CPU
		{7BF22FFF-4181-45C7-8A15-108AC88DCB31}.Debug|Any CPU.Build.0 = Debug|Any CPU
		{7BF22FFF-4181-45C7-8A15-108AC88DCB31}.Release|Any CPU.ActiveCfg = Release|Any CPU
		{7BF22FFF-4181-45C7-8A15-108AC88DCB31}.Release|Any CPU.Build.0 = Release|Any CPU
		{F29085B9-5031-43E9-B46A-3C003E77F483}.Debug|Any CPU.ActiveCfg = Debug|Any CPU
		{F29085B9-5031-43E9-B46A-3C003E77F483}.Debug|Any CPU.Build.0 = Debug|Any CPU
		{F29085B9-5031-43E9-B46A-3C003E77F483}.Release|Any CPU.ActiveCfg = Release|Any CPU
		{F29085B9-5031-43E9-B46A-3C003E77F483}.Release|Any CPU.Build.0 = Release|Any CPU
	EndGlobalSection
	GlobalSection(SolutionProperties) = preSolution
		HideSolutionNode = FALSE
	EndGlobalSection
	GlobalSection(ExtensibilityGlobals) = postSolution
		SolutionGuid = {F2FAEA9D-D878-4A04-8302-B7FA799603E7}
	EndGlobalSection
EndGlobal
